// !$*UTF8*$!
{
	archiveVersion = 1;
	classes = {
	};
	objectVersion = 77;
	objects = {

/* Begin PBXBuildFile section */
		015F478EF2D6E6FE0519EB7D /* TabContentStack.swift in Sources */ = {isa = PBXBuildFile; fileRef = 1A150D8B80757FCED82E85B5 /* TabContentStack.swift */; };
		02687AB5F8D41B2177FA01A4 /* PeekOverlay.swift in Sources */ = {isa = PBXBuildFile; fileRef = 321E61A9553942809C755B5E /* PeekOverlay.swift */; };
		02B3FFF58C30DFEEE592780D /* ThreeFingerDragRecognizer.swift in Sources */ = {isa = PBXBuildFile; fileRef = 808292EC68DF3F3F1372857D /* ThreeFingerDragRecognizer.swift */; };
		03B5AB4CBEA4DE2907E88D3E /* OverviewScreen.swift in Sources */ = {isa = PBXBuildFile; fileRef = FDBE29CE70B5A9DA353D559F /* OverviewScreen.swift */; };
		053F52BB4172591F3B89ED51 /* VisitsComparisonTests.swift in Sources */ = {isa = PBXBuildFile; fileRef = DF3CCE903967EA97F88CF96F /* VisitsComparisonTests.swift */; };
		0886B2DB9CA4455C65865FFC /* FaviconStore.swift in Sources */ = {isa = PBXBuildFile; fileRef = 0B7A8C3726C45B7E051EC676 /* FaviconStore.swift */; };
		209A04C43E5D10AFBDD28CFD /* TabScreen.swift in Sources */ = {isa = PBXBuildFile; fileRef = 5B221BE06A0C0C969C69E053 /* TabScreen.swift */; };
		20E8747A62A7D8ACACA52BD7 /* PeekLayoutTests.swift in Sources */ = {isa = PBXBuildFile; fileRef = C1BE634789533BFD60C75EA7 /* PeekLayoutTests.swift */; };
		307A850E88309D9EC5DDB2D4 /* PeekLayout.swift in Sources */ = {isa = PBXBuildFile; fileRef = C34C86ED39F2F1CBD090FCBD /* PeekLayout.swift */; };
		352E6FE572675ADA948CB390 /* Workspace.swift in Sources */ = {isa = PBXBuildFile; fileRef = A9315B96CB87D84C07606E52 /* Workspace.swift */; };
		35C1A65569E692C36E498150 /* HistoryStore.swift in Sources */ = {isa = PBXBuildFile; fileRef = 52071A75DDC18E04824A43A2 /* HistoryStore.swift */; };
		3B385BA04A4F926DB22F8A6D /* FaviconFetcherTests.swift in Sources */ = {isa = PBXBuildFile; fileRef = 99C05C79BE3B70FF6B960794 /* FaviconFetcherTests.swift */; };
		4EB19731C7D64342D90C3020 /* CommandKeyMonitor.swift in Sources */ = {isa = PBXBuildFile; fileRef = A8D78F25509D227C0557EB01 /* CommandKeyMonitor.swift */; };
		4FC046F39092489938767509 /* WindowChromeReader.swift in Sources */ = {isa = PBXBuildFile; fileRef = A02EB9D6D72519239BBF7226 /* WindowChromeReader.swift */; };
		558BA52213440023D16C0D9F /* LiveStore.swift in Sources */ = {isa = PBXBuildFile; fileRef = B526F19FE23F5E62A81B79B2 /* LiveStore.swift */; };
		5D5175994B1AD981AA0DDFC2 /* OverviewRepository.swift in Sources */ = {isa = PBXBuildFile; fileRef = 61874C20B6B2BCAFB1667A61 /* OverviewRepository.swift */; };
		71DC2713A7582A5BDB87DA51 /* SiteTabScreen.swift in Sources */ = {isa = PBXBuildFile; fileRef = 110B138E26420AE2E80212B4 /* SiteTabScreen.swift */; };
		741C3B020EEB6692BE875DC9 /* OverviewModel.swift in Sources */ = {isa = PBXBuildFile; fileRef = 20D0DB50A815C0FD4CB715E0 /* OverviewModel.swift */; };
		746ADF2B829571DEB19AD9DF /* Headband.swift in Sources */ = {isa = PBXBuildFile; fileRef = 6DC0C05A557F466F42DC086B /* Headband.swift */; };
		7B63796B1698692B64A36D1F /* PeriodStats.swift in Sources */ = {isa = PBXBuildFile; fileRef = 50CD5971030788D8D00BC8D9 /* PeriodStats.swift */; };
		85B4E755EBE5C81DEF17A7AA /* PeriodStatsTests.swift in Sources */ = {isa = PBXBuildFile; fileRef = AA98EFEB479445BEFCA726CD /* PeriodStatsTests.swift */; };
		880942499CFC9F5FA863E04C /* TabBar.swift in Sources */ = {isa = PBXBuildFile; fileRef = CCE806538483AE3DC0C0C5DC /* TabBar.swift */; };
		89D1C405DD817D3BCBCBB1C2 /* OverviewSummaryCard.swift in Sources */ = {isa = PBXBuildFile; fileRef = D072C44E6ADEAC4BAEF98994 /* OverviewSummaryCard.swift */; };
		8C38EC6EFA47B9C9736BF449 /* Palette.swift in Sources */ = {isa = PBXBuildFile; fileRef = BE562BC678FA721589263640 /* Palette.swift */; };
		9168383C0927A5AB63CFA385 /* PeekProgress.swift in Sources */ = {isa = PBXBuildFile; fileRef = BFCC0F96A67A2A36DC269314 /* PeekProgress.swift */; };
		951AA88C8458E5190892063F /* APIModels.swift in Sources */ = {isa = PBXBuildFile; fileRef = B5B9A04E26D93153A62163C4 /* APIModels.swift */; };
		9D1607CB25A2C156E018F215 /* RankingStore.swift in Sources */ = {isa = PBXBuildFile; fileRef = D48AE16DAFEBEDC4046EDBF1 /* RankingStore.swift */; };
		A03ACD2F5879178078B98CD5 /* RevenueTests.swift in Sources */ = {isa = PBXBuildFile; fileRef = C0F25BCA3C4E7F2C30714553 /* RevenueTests.swift */; };
		A55C90240C57F6F0561C54A7 /* Assets.xcassets in Resources */ = {isa = PBXBuildFile; fileRef = 8DFE9D4C0CC1386C304172AE /* Assets.xcassets */; };
		AAA57221A6143D5011DA8867 /* RootView.swift in Sources */ = {isa = PBXBuildFile; fileRef = 9E39AF56E6524C71BC8CD647 /* RootView.swift */; };
		AE21FE04A10BFB72FAB05B4F /* LiveTests.swift in Sources */ = {isa = PBXBuildFile; fileRef = F0A714F9E6B0DA6A3253E672 /* LiveTests.swift */; };
		B37AF13A7FDDEA4D6004C29D /* DashboardStatsTests.swift in Sources */ = {isa = PBXBuildFile; fileRef = FF8132411C3FF78734ECE39C /* DashboardStatsTests.swift */; };
		BC6BF8F8C2FBC906EC76D8D1 /* RemoteTarget.swift in Sources */ = {isa = PBXBuildFile; fileRef = D47884F5C76365B32D976D91 /* RemoteTarget.swift */; };
		E5563277B4AAEF923CCF3024 /* OverviewStartupTests.swift in Sources */ = {isa = PBXBuildFile; fileRef = 2EECC279489F2799FC2058D9 /* OverviewStartupTests.swift */; };
		E6BE7E42DE600F1584F97274 /* PeekProgressTests.swift in Sources */ = {isa = PBXBuildFile; fileRef = 4CBE8B0CA6B44C981EE7AE2F /* PeekProgressTests.swift */; };
		F2C353C4EC9A4DB3CA3DA527 /* APIClient.swift in Sources */ = {isa = PBXBuildFile; fileRef = 06C1CFB614C75E739336B236 /* APIClient.swift */; };
		F9BE1413FD53E51A943A6613 /* TabID.swift in Sources */ = {isa = PBXBuildFile; fileRef = 31326E990B111E0658AB101D /* TabID.swift */; };
		FCF8BB7FA387F8E6EF75DE9C /* RankstasParadiseApp.swift in Sources */ = {isa = PBXBuildFile; fileRef = 99CF10FA929DAD1D5987DD20 /* RankstasParadiseApp.swift */; };
		FF96390E0022FC4C9BF4725D /* WorkspaceTests.swift in Sources */ = {isa = PBXBuildFile; fileRef = DB82AF93569E40E4297CF5AC /* WorkspaceTests.swift */; };
/* End PBXBuildFile section */

/* Begin PBXContainerItemProxy section */
		8F64CA7E5AC0E6A1777B22C9 /* PBXContainerItemProxy */ = {
			isa = PBXContainerItemProxy;
			containerPortal = E465FBE0A2A485B98C47E8B6 /* Project object */;
			proxyType = 1;
			remoteGlobalIDString = E70E1004C13B8986CB1035B8;
			remoteInfo = RankstasParadise;
		};
/* End PBXContainerItemProxy section */

/* Begin PBXFileReference section */
		06C1CFB614C75E739336B236 /* APIClient.swift */ = {isa = PBXFileReference; lastKnownFileType = sourcecode.swift; path = APIClient.swift; sourceTree = "<group>"; };
		0B7A8C3726C45B7E051EC676 /* FaviconStore.swift */ = {isa = PBXFileReference; lastKnownFileType = sourcecode.swift; path = FaviconStore.swift; sourceTree = "<group>"; };
		110B138E26420AE2E80212B4 /* SiteTabScreen.swift */ = {isa = PBXFileReference; lastKnownFileType = sourcecode.swift; path = SiteTabScreen.swift; sourceTree = "<group>"; };
		1A150D8B80757FCED82E85B5 /* TabContentStack.swift */ = {isa = PBXFileReference; lastKnownFileType = sourcecode.swift; path = TabContentStack.swift; sourceTree = "<group>"; };
		20D0DB50A815C0FD4CB715E0 /* OverviewModel.swift */ = {isa = PBXFileReference; lastKnownFileType = sourcecode.swift; path = OverviewModel.swift; sourceTree = "<group>"; };
		2EECC279489F2799FC2058D9 /* OverviewStartupTests.swift */ = {isa = PBXFileReference; lastKnownFileType = sourcecode.swift; path = OverviewStartupTests.swift; sourceTree = "<group>"; };
		31326E990B111E0658AB101D /* TabID.swift */ = {isa = PBXFileReference; lastKnownFileType = sourcecode.swift; path = TabID.swift; sourceTree = "<group>"; };
		321E61A9553942809C755B5E /* PeekOverlay.swift */ = {isa = PBXFileReference; lastKnownFileType = sourcecode.swift; path = PeekOverlay.swift; sourceTree = "<group>"; };
		4CBE8B0CA6B44C981EE7AE2F /* PeekProgressTests.swift */ = {isa = PBXFileReference; lastKnownFileType = sourcecode.swift; path = PeekProgressTests.swift; sourceTree = "<group>"; };
		50CD5971030788D8D00BC8D9 /* PeriodStats.swift */ = {isa = PBXFileReference; lastKnownFileType = sourcecode.swift; path = PeriodStats.swift; sourceTree = "<group>"; };
		52071A75DDC18E04824A43A2 /* HistoryStore.swift */ = {isa = PBXFileReference; lastKnownFileType = sourcecode.swift; path = HistoryStore.swift; sourceTree = "<group>"; };
		5B221BE06A0C0C969C69E053 /* TabScreen.swift */ = {isa = PBXFileReference; lastKnownFileType = sourcecode.swift; path = TabScreen.swift; sourceTree = "<group>"; };
		61874C20B6B2BCAFB1667A61 /* OverviewRepository.swift */ = {isa = PBXFileReference; lastKnownFileType = sourcecode.swift; path = OverviewRepository.swift; sourceTree = "<group>"; };
		6DC0C05A557F466F42DC086B /* Headband.swift */ = {isa = PBXFileReference; lastKnownFileType = sourcecode.swift; path = Headband.swift; sourceTree = "<group>"; };
		808292EC68DF3F3F1372857D /* ThreeFingerDragRecognizer.swift */ = {isa = PBXFileReference; lastKnownFileType = sourcecode.swift; path = ThreeFingerDragRecognizer.swift; sourceTree = "<group>"; };
		8DFE9D4C0CC1386C304172AE /* Assets.xcassets */ = {isa = PBXFileReference; lastKnownFileType = folder.assetcatalog; path = Assets.xcassets; sourceTree = "<group>"; };
		99C05C79BE3B70FF6B960794 /* FaviconFetcherTests.swift */ = {isa = PBXFileReference; lastKnownFileType = sourcecode.swift; path = FaviconFetcherTests.swift; sourceTree = "<group>"; };
		99CF10FA929DAD1D5987DD20 /* RankstasParadiseApp.swift */ = {isa = PBXFileReference; lastKnownFileType = sourcecode.swift; path = RankstasParadiseApp.swift; sourceTree = "<group>"; };
		9E39AF56E6524C71BC8CD647 /* RootView.swift */ = {isa = PBXFileReference; lastKnownFileType = sourcecode.swift; path = RootView.swift; sourceTree = "<group>"; };
		A02EB9D6D72519239BBF7226 /* WindowChromeReader.swift */ = {isa = PBXFileReference; lastKnownFileType = sourcecode.swift; path = WindowChromeReader.swift; sourceTree = "<group>"; };
		A8D78F25509D227C0557EB01 /* CommandKeyMonitor.swift */ = {isa = PBXFileReference; lastKnownFileType = sourcecode.swift; path = CommandKeyMonitor.swift; sourceTree = "<group>"; };
		A9315B96CB87D84C07606E52 /* Workspace.swift */ = {isa = PBXFileReference; lastKnownFileType = sourcecode.swift; path = Workspace.swift; sourceTree = "<group>"; };
		AA98EFEB479445BEFCA726CD /* PeriodStatsTests.swift */ = {isa = PBXFileReference; lastKnownFileType = sourcecode.swift; path = PeriodStatsTests.swift; sourceTree = "<group>"; };
		B526F19FE23F5E62A81B79B2 /* LiveStore.swift */ = {isa = PBXFileReference; lastKnownFileType = sourcecode.swift; path = LiveStore.swift; sourceTree = "<group>"; };
		B5B9A04E26D93153A62163C4 /* APIModels.swift */ = {isa = PBXFileReference; lastKnownFileType = sourcecode.swift; path = APIModels.swift; sourceTree = "<group>"; };
		BE562BC678FA721589263640 /* Palette.swift */ = {isa = PBXFileReference; lastKnownFileType = sourcecode.swift; path = Palette.swift; sourceTree = "<group>"; };
		BFCC0F96A67A2A36DC269314 /* PeekProgress.swift */ = {isa = PBXFileReference; lastKnownFileType = sourcecode.swift; path = PeekProgress.swift; sourceTree = "<group>"; };
		C0F25BCA3C4E7F2C30714553 /* RevenueTests.swift */ = {isa = PBXFileReference; lastKnownFileType = sourcecode.swift; path = RevenueTests.swift; sourceTree = "<group>"; };
		C1BE634789533BFD60C75EA7 /* PeekLayoutTests.swift */ = {isa = PBXFileReference; lastKnownFileType = sourcecode.swift; path = PeekLayoutTests.swift; sourceTree = "<group>"; };
		C34C86ED39F2F1CBD090FCBD /* PeekLayout.swift */ = {isa = PBXFileReference; lastKnownFileType = sourcecode.swift; path = PeekLayout.swift; sourceTree = "<group>"; };
		CCE806538483AE3DC0C0C5DC /* TabBar.swift */ = {isa = PBXFileReference; lastKnownFileType = sourcecode.swift; path = TabBar.swift; sourceTree = "<group>"; };
		D072C44E6ADEAC4BAEF98994 /* OverviewSummaryCard.swift */ = {isa = PBXFileReference; lastKnownFileType = sourcecode.swift; path = OverviewSummaryCard.swift; sourceTree = "<group>"; };
		D47884F5C76365B32D976D91 /* RemoteTarget.swift */ = {isa = PBXFileReference; lastKnownFileType = sourcecode.swift; path = RemoteTarget.swift; sourceTree = "<group>"; };
		D48AE16DAFEBEDC4046EDBF1 /* RankingStore.swift */ = {isa = PBXFileReference; lastKnownFileType = sourcecode.swift; path = RankingStore.swift; sourceTree = "<group>"; };
		D8E17C8B77CA1B192AFF6678 /* RankstasParadiseTests.xctest */ = {isa = PBXFileReference; explicitFileType = wrapper.cfbundle; includeInIndex = 0; path = RankstasParadiseTests.xctest; sourceTree = BUILT_PRODUCTS_DIR; };
		DB82AF93569E40E4297CF5AC /* WorkspaceTests.swift */ = {isa = PBXFileReference; lastKnownFileType = sourcecode.swift; path = WorkspaceTests.swift; sourceTree = "<group>"; };
		DF3CCE903967EA97F88CF96F /* VisitsComparisonTests.swift */ = {isa = PBXFileReference; lastKnownFileType = sourcecode.swift; path = VisitsComparisonTests.swift; sourceTree = "<group>"; };
		E1CA89C89C02C407A80DF8C6 /* RankstasParadise.app */ = {isa = PBXFileReference; explicitFileType = wrapper.application; includeInIndex = 0; path = RankstasParadise.app; sourceTree = BUILT_PRODUCTS_DIR; };
		F0A714F9E6B0DA6A3253E672 /* LiveTests.swift */ = {isa = PBXFileReference; lastKnownFileType = sourcecode.swift; path = LiveTests.swift; sourceTree = "<group>"; };
		FDBE29CE70B5A9DA353D559F /* OverviewScreen.swift */ = {isa = PBXFileReference; lastKnownFileType = sourcecode.swift; path = OverviewScreen.swift; sourceTree = "<group>"; };
		FF8132411C3FF78734ECE39C /* DashboardStatsTests.swift */ = {isa = PBXFileReference; lastKnownFileType = sourcecode.swift; path = DashboardStatsTests.swift; sourceTree = "<group>"; };
/* End PBXFileReference section */

/* Begin PBXGroup section */
		2866C33CC1E51FC2ABD7E8C7 /* Products */ = {
			isa = PBXGroup;
			children = (
				E1CA89C89C02C407A80DF8C6 /* RankstasParadise.app */,
				D8E17C8B77CA1B192AFF6678 /* RankstasParadiseTests.xctest */,
			);
			name = Products;
			sourceTree = "<group>";
		};
		44D24A422C959017CAC222A0 /* Workspace */ = {
			isa = PBXGroup;
			children = (
				BFCC0F96A67A2A36DC269314 /* PeekProgress.swift */,
				31326E990B111E0658AB101D /* TabID.swift */,
				A9315B96CB87D84C07606E52 /* Workspace.swift */,
			);
			path = Workspace;
			sourceTree = "<group>";
		};
		657CB13A9B9527ADE17E22AC /* Model */ = {
			isa = PBXGroup;
			children = (
				06C1CFB614C75E739336B236 /* APIClient.swift */,
				B5B9A04E26D93153A62163C4 /* APIModels.swift */,
				0B7A8C3726C45B7E051EC676 /* FaviconStore.swift */,
				52071A75DDC18E04824A43A2 /* HistoryStore.swift */,
				B526F19FE23F5E62A81B79B2 /* LiveStore.swift */,
				20D0DB50A815C0FD4CB715E0 /* OverviewModel.swift */,
				61874C20B6B2BCAFB1667A61 /* OverviewRepository.swift */,
				50CD5971030788D8D00BC8D9 /* PeriodStats.swift */,
				D48AE16DAFEBEDC4046EDBF1 /* RankingStore.swift */,
				D47884F5C76365B32D976D91 /* RemoteTarget.swift */,
			);
			path = Model;
			sourceTree = "<group>";
		};
		660838DACBDFD0D25E933E1D = {
			isa = PBXGroup;
			children = (
				B6A2084280EB01D266B31620 /* Sources */,
				94AC87748EF002A2FEB38075 /* Tests */,
				2866C33CC1E51FC2ABD7E8C7 /* Products */,
			);
			sourceTree = "<group>";
		};
		66448795068B8050C1150DB9 /* Screens */ = {
			isa = PBXGroup;
			children = (
				FDBE29CE70B5A9DA353D559F /* OverviewScreen.swift */,
				110B138E26420AE2E80212B4 /* SiteTabScreen.swift */,
				5B221BE06A0C0C969C69E053 /* TabScreen.swift */,
			);
			path = Screens;
			sourceTree = "<group>";
		};
		94AC87748EF002A2FEB38075 /* Tests */ = {
			isa = PBXGroup;
			children = (
				FF8132411C3FF78734ECE39C /* DashboardStatsTests.swift */,
				99C05C79BE3B70FF6B960794 /* FaviconFetcherTests.swift */,
				F0A714F9E6B0DA6A3253E672 /* LiveTests.swift */,
				2EECC279489F2799FC2058D9 /* OverviewStartupTests.swift */,
				C1BE634789533BFD60C75EA7 /* PeekLayoutTests.swift */,
				4CBE8B0CA6B44C981EE7AE2F /* PeekProgressTests.swift */,
				AA98EFEB479445BEFCA726CD /* PeriodStatsTests.swift */,
				C0F25BCA3C4E7F2C30714553 /* RevenueTests.swift */,
				DF3CCE903967EA97F88CF96F /* VisitsComparisonTests.swift */,
				DB82AF93569E40E4297CF5AC /* WorkspaceTests.swift */,
			);
			path = Tests;
			sourceTree = "<group>";
		};
		AAFDB717B48AE836DD8654CD /* UI */ = {
			isa = PBXGroup;
			children = (
				6DC0C05A557F466F42DC086B /* Headband.swift */,
				D072C44E6ADEAC4BAEF98994 /* OverviewSummaryCard.swift */,
				BE562BC678FA721589263640 /* Palette.swift */,
				C34C86ED39F2F1CBD090FCBD /* PeekLayout.swift */,
				321E61A9553942809C755B5E /* PeekOverlay.swift */,
				9E39AF56E6524C71BC8CD647 /* RootView.swift */,
				CCE806538483AE3DC0C0C5DC /* TabBar.swift */,
				1A150D8B80757FCED82E85B5 /* TabContentStack.swift */,
				A02EB9D6D72519239BBF7226 /* WindowChromeReader.swift */,
				66448795068B8050C1150DB9 /* Screens */,
			);
			path = UI;
			sourceTree = "<group>";
		};
		B6A2084280EB01D266B31620 /* Sources */ = {
			isa = PBXGroup;
			children = (
				8DFE9D4C0CC1386C304172AE /* Assets.xcassets */,
				BD2F4E02EC37A362F54224D7 /* App */,
				E1C6F9B59AED3EC3BC42E4C8 /* Gesture */,
				657CB13A9B9527ADE17E22AC /* Model */,
				AAFDB717B48AE836DD8654CD /* UI */,
				44D24A422C959017CAC222A0 /* Workspace */,
			);
			path = Sources;
			sourceTree = "<group>";
		};
		BD2F4E02EC37A362F54224D7 /* App */ = {
			isa = PBXGroup;
			children = (
				99CF10FA929DAD1D5987DD20 /* RankstasParadiseApp.swift */,
			);
			path = App;
			sourceTree = "<group>";
		};
		E1C6F9B59AED3EC3BC42E4C8 /* Gesture */ = {
			isa = PBXGroup;
			children = (
				A8D78F25509D227C0557EB01 /* CommandKeyMonitor.swift */,
				808292EC68DF3F3F1372857D /* ThreeFingerDragRecognizer.swift */,
			);
			path = Gesture;
			sourceTree = "<group>";
		};
/* End PBXGroup section */

/* Begin PBXNativeTarget section */
		D6F3DB12248F21A390215736 /* RankstasParadiseTests */ = {
			isa = PBXNativeTarget;
			buildConfigurationList = AE33CC214F06AD10737177E5 /* Build configuration list for PBXNativeTarget "RankstasParadiseTests" */;
			buildPhases = (
				7379B7791869CD78886BF643 /* Sources */,
			);
			buildRules = (
			);
			dependencies = (
				132F4E8266F9F7FE971D0663 /* PBXTargetDependency */,
			);
			name = RankstasParadiseTests;
			packageProductDependencies = (
			);
			productName = RankstasParadiseTests;
			productReference = D8E17C8B77CA1B192AFF6678 /* RankstasParadiseTests.xctest */;
			productType = "com.apple.product-type.bundle.unit-test";
		};
		E70E1004C13B8986CB1035B8 /* RankstasParadise */ = {
			isa = PBXNativeTarget;
			buildConfigurationList = 8F2DC3395978E3BEC2BD32C0 /* Build configuration list for PBXNativeTarget "RankstasParadise" */;
			buildPhases = (
				B1B4648EED50FD65733F6AB7 /* Sources */,
				B8F598BF6AF551ECCB50AD52 /* Resources */,
			);
			buildRules = (
			);
			dependencies = (
			);
			name = RankstasParadise;
			packageProductDependencies = (
			);
			productName = RankstasParadise;
			productReference = E1CA89C89C02C407A80DF8C6 /* RankstasParadise.app */;
			productType = "com.apple.product-type.application";
		};
/* End PBXNativeTarget section */

/* Begin PBXProject section */
		E465FBE0A2A485B98C47E8B6 /* Project object */ = {
			isa = PBXProject;
			attributes = {
				BuildIndependentTargetsInParallel = YES;
				LastUpgradeCheck = 2600;
				TargetAttributes = {
				};
			};
			buildConfigurationList = AC3128AFEFE326CC37C4B04F /* Build configuration list for PBXProject "RankstasParadise" */;
			developmentRegion = en;
			hasScannedForEncodings = 0;
			knownRegions = (
				Base,
				en,
			);
			mainGroup = 660838DACBDFD0D25E933E1D;
			minimizedProjectReferenceProxies = 1;
			preferredProjectObjectVersion = 77;
			productRefGroup = 2866C33CC1E51FC2ABD7E8C7 /* Products */;
			projectDirPath = "";
			projectRoot = "";
			targets = (
				E70E1004C13B8986CB1035B8 /* RankstasParadise */,
				D6F3DB12248F21A390215736 /* RankstasParadiseTests */,
			);
		};
/* End PBXProject section */

/* Begin PBXResourcesBuildPhase section */
		B8F598BF6AF551ECCB50AD52 /* Resources */ = {
			isa = PBXResourcesBuildPhase;
			buildActionMask = 2147483647;
			files = (
				A55C90240C57F6F0561C54A7 /* Assets.xcassets in Resources */,
			);
			runOnlyForDeploymentPostprocessing = 0;
		};
/* End PBXResourcesBuildPhase section */

/* Begin PBXSourcesBuildPhase section */
		7379B7791869CD78886BF643 /* Sources */ = {
			isa = PBXSourcesBuildPhase;
			buildActionMask = 2147483647;
			files = (
				B37AF13A7FDDEA4D6004C29D /* DashboardStatsTests.swift in Sources */,
				3B385BA04A4F926DB22F8A6D /* FaviconFetcherTests.swift in Sources */,
				AE21FE04A10BFB72FAB05B4F /* LiveTests.swift in Sources */,
				E5563277B4AAEF923CCF3024 /* OverviewStartupTests.swift in Sources */,
				20E8747A62A7D8ACACA52BD7 /* PeekLayoutTests.swift in Sources */,
				E6BE7E42DE600F1584F97274 /* PeekProgressTests.swift in Sources */,
				85B4E755EBE5C81DEF17A7AA /* PeriodStatsTests.swift in Sources */,
				A03ACD2F5879178078B98CD5 /* RevenueTests.swift in Sources */,
				053F52BB4172591F3B89ED51 /* VisitsComparisonTests.swift in Sources */,
				FF96390E0022FC4C9BF4725D /* WorkspaceTests.swift in Sources */,
			);
			runOnlyForDeploymentPostprocessing = 0;
		};
		B1B4648EED50FD65733F6AB7 /* Sources */ = {
			isa = PBXSourcesBuildPhase;
			buildActionMask = 2147483647;
			files = (
				F2C353C4EC9A4DB3CA3DA527 /* APIClient.swift in Sources */,
				951AA88C8458E5190892063F /* APIModels.swift in Sources */,
				4EB19731C7D64342D90C3020 /* CommandKeyMonitor.swift in Sources */,
				0886B2DB9CA4455C65865FFC /* FaviconStore.swift in Sources */,
				746ADF2B829571DEB19AD9DF /* Headband.swift in Sources */,
				35C1A65569E692C36E498150 /* HistoryStore.swift in Sources */,
				558BA52213440023D16C0D9F /* LiveStore.swift in Sources */,
				741C3B020EEB6692BE875DC9 /* OverviewModel.swift in Sources */,
				5D5175994B1AD981AA0DDFC2 /* OverviewRepository.swift in Sources */,
				03B5AB4CBEA4DE2907E88D3E /* OverviewScreen.swift in Sources */,
				89D1C405DD817D3BCBCBB1C2 /* OverviewSummaryCard.swift in Sources */,
				8C38EC6EFA47B9C9736BF449 /* Palette.swift in Sources */,
				307A850E88309D9EC5DDB2D4 /* PeekLayout.swift in Sources */,
				02687AB5F8D41B2177FA01A4 /* PeekOverlay.swift in Sources */,
				9168383C0927A5AB63CFA385 /* PeekProgress.swift in Sources */,
				7B63796B1698692B64A36D1F /* PeriodStats.swift in Sources */,
				9D1607CB25A2C156E018F215 /* RankingStore.swift in Sources */,
				FCF8BB7FA387F8E6EF75DE9C /* RankstasParadiseApp.swift in Sources */,
				BC6BF8F8C2FBC906EC76D8D1 /* RemoteTarget.swift in Sources */,
				AAA57221A6143D5011DA8867 /* RootView.swift in Sources */,
				71DC2713A7582A5BDB87DA51 /* SiteTabScreen.swift in Sources */,
				880942499CFC9F5FA863E04C /* TabBar.swift in Sources */,
				015F478EF2D6E6FE0519EB7D /* TabContentStack.swift in Sources */,
				F9BE1413FD53E51A943A6613 /* TabID.swift in Sources */,
				209A04C43E5D10AFBDD28CFD /* TabScreen.swift in Sources */,
				02B3FFF58C30DFEEE592780D /* ThreeFingerDragRecognizer.swift in Sources */,
				4FC046F39092489938767509 /* WindowChromeReader.swift in Sources */,
				352E6FE572675ADA948CB390 /* Workspace.swift in Sources */,
			);
			runOnlyForDeploymentPostprocessing = 0;
		};
/* End PBXSourcesBuildPhase section */

/* Begin PBXTargetDependency section */
		132F4E8266F9F7FE971D0663 /* PBXTargetDependency */ = {
			isa = PBXTargetDependency;
			target = E70E1004C13B8986CB1035B8 /* RankstasParadise */;
			targetProxy = 8F64CA7E5AC0E6A1777B22C9 /* PBXContainerItemProxy */;
		};
/* End PBXTargetDependency section */

/* Begin XCBuildConfiguration section */
		55D60374709C91F93ACF915A /* Debug */ = {
			isa = XCBuildConfiguration;
			buildSettings = {
				ALWAYS_SEARCH_USER_PATHS = NO;
				CLANG_ANALYZER_NONNULL = YES;
				CLANG_ANALYZER_NUMBER_OBJECT_CONVERSION = YES_AGGRESSIVE;
				CLANG_CXX_LANGUAGE_STANDARD = "gnu++14";
				CLANG_CXX_LIBRARY = "libc++";
				CLANG_ENABLE_MODULES = YES;
				CLANG_ENABLE_OBJC_ARC = YES;
				CLANG_ENABLE_OBJC_WEAK = YES;
				CLANG_WARN_BLOCK_CAPTURE_AUTORELEASING = YES;
				CLANG_WARN_BOOL_CONVERSION = YES;
				CLANG_WARN_COMMA = YES;
				CLANG_WARN_CONSTANT_CONVERSION = YES;
				CLANG_WARN_DEPRECATED_OBJC_IMPLEMENTATIONS = YES;
				CLANG_WARN_DIRECT_OBJC_ISA_USAGE = YES_ERROR;
				CLANG_WARN_DOCUMENTATION_COMMENTS = YES;
				CLANG_WARN_EMPTY_BODY = YES;
				CLANG_WARN_ENUM_CONVERSION = YES;
				CLANG_WARN_INFINITE_RECURSION = YES;
				CLANG_WARN_INT_CONVERSION = YES;
				CLANG_WARN_NON_LITERAL_NULL_CONVERSION = YES;
				CLANG_WARN_OBJC_IMPLICIT_RETAIN_SELF = YES;
				CLANG_WARN_OBJC_LITERAL_CONVERSION = YES;
				CLANG_WARN_OBJC_ROOT_CLASS = YES_ERROR;
				CLANG_WARN_QUOTED_INCLUDE_IN_FRAMEWORK_HEADER = YES;
				CLANG_WARN_RANGE_LOOP_ANALYSIS = YES;
				CLANG_WARN_STRICT_PROTOTYPES = YES;
				CLANG_WARN_SUSPICIOUS_MOVE = YES;
				CLANG_WARN_UNGUARDED_AVAILABILITY = YES_AGGRESSIVE;
				CLANG_WARN_UNREACHABLE_CODE = YES;
				CLANG_WARN__DUPLICATE_METHOD_MATCH = YES;
				COPY_PHASE_STRIP = NO;
				DEBUG_INFORMATION_FORMAT = dwarf;
				ENABLE_STRICT_OBJC_MSGSEND = YES;
				ENABLE_TESTABILITY = YES;
				GCC_C_LANGUAGE_STANDARD = gnu11;
				GCC_DYNAMIC_NO_PIC = NO;
				GCC_NO_COMMON_BLOCKS = YES;
				GCC_OPTIMIZATION_LEVEL = 0;
				GCC_PREPROCESSOR_DEFINITIONS = (
					"$(inherited)",
					"DEBUG=1",
				);
				GCC_WARN_64_TO_32_BIT_CONVERSION = YES;
				GCC_WARN_ABOUT_RETURN_TYPE = YES_ERROR;
				GCC_WARN_UNDECLARED_SELECTOR = YES;
				GCC_WARN_UNINITIALIZED_AUTOS = YES_AGGRESSIVE;
				GCC_WARN_UNUSED_FUNCTION = YES;
				GCC_WARN_UNUSED_VARIABLE = YES;
				MACOSX_DEPLOYMENT_TARGET = 14.0;
				MTL_ENABLE_DEBUG_INFO = INCLUDE_SOURCE;
				MTL_FAST_MATH = YES;
				ONLY_ACTIVE_ARCH = YES;
				PRODUCT_NAME = "$(TARGET_NAME)";
				SDKROOT = macosx;
				SWIFT_ACTIVE_COMPILATION_CONDITIONS = DEBUG;
				SWIFT_OPTIMIZATION_LEVEL = "-Onone";
				SWIFT_STRICT_CONCURRENCY = complete;
				SWIFT_VERSION = 6.0;
			};
			name = Debug;
		};
		64C091E5BE8AFB77BEF38C7F /* Release */ = {
			isa = XCBuildConfiguration;
			buildSettings = {
				ALWAYS_SEARCH_USER_PATHS = NO;
				CLANG_ANALYZER_NONNULL = YES;
				CLANG_ANALYZER_NUMBER_OBJECT_CONVERSION = YES_AGGRESSIVE;
				CLANG_CXX_LANGUAGE_STANDARD = "gnu++14";
				CLANG_CXX_LIBRARY = "libc++";
				CLANG_ENABLE_MODULES = YES;
				CLANG_ENABLE_OBJC_ARC = YES;
				CLANG_ENABLE_OBJC_WEAK = YES;
				CLANG_WARN_BLOCK_CAPTURE_AUTORELEASING = YES;
				CLANG_WARN_BOOL_CONVERSION = YES;
				CLANG_WARN_COMMA = YES;
				CLANG_WARN_CONSTANT_CONVERSION = YES;
				CLANG_WARN_DEPRECATED_OBJC_IMPLEMENTATIONS = YES;
				CLANG_WARN_DIRECT_OBJC_ISA_USAGE = YES_ERROR;
				CLANG_WARN_DOCUMENTATION_COMMENTS = YES;
				CLANG_WARN_EMPTY_BODY = YES;
				CLANG_WARN_ENUM_CONVERSION = YES;
				CLANG_WARN_INFINITE_RECURSION = YES;
				CLANG_WARN_INT_CONVERSION = YES;
				CLANG_WARN_NON_LITERAL_NULL_CONVERSION = YES;
				CLANG_WARN_OBJC_IMPLICIT_RETAIN_SELF = YES;
				CLANG_WARN_OBJC_LITERAL_CONVERSION = YES;
				CLANG_WARN_OBJC_ROOT_CLASS = YES_ERROR;
				CLANG_WARN_QUOTED_INCLUDE_IN_FRAMEWORK_HEADER = YES;
				CLANG_WARN_RANGE_LOOP_ANALYSIS = YES;
				CLANG_WARN_STRICT_PROTOTYPES = YES;
				CLANG_WARN_SUSPICIOUS_MOVE = YES;
				CLANG_WARN_UNGUARDED_AVAILABILITY = YES_AGGRESSIVE;
				CLANG_WARN_UNREACHABLE_CODE = YES;
				CLANG_WARN__DUPLICATE_METHOD_MATCH = YES;
				COPY_PHASE_STRIP = NO;
				DEBUG_INFORMATION_FORMAT = "dwarf-with-dsym";
				ENABLE_NS_ASSERTIONS = NO;
				ENABLE_STRICT_OBJC_MSGSEND = YES;
				GCC_C_LANGUAGE_STANDARD = gnu11;
				GCC_NO_COMMON_BLOCKS = YES;
				GCC_WARN_64_TO_32_BIT_CONVERSION = YES;
				GCC_WARN_ABOUT_RETURN_TYPE = YES_ERROR;
				GCC_WARN_UNDECLARED_SELECTOR = YES;
				GCC_WARN_UNINITIALIZED_AUTOS = YES_AGGRESSIVE;
				GCC_WARN_UNUSED_FUNCTION = YES;
				GCC_WARN_UNUSED_VARIABLE = YES;
				MACOSX_DEPLOYMENT_TARGET = 14.0;
				MTL_ENABLE_DEBUG_INFO = NO;
				MTL_FAST_MATH = YES;
				PRODUCT_NAME = "$(TARGET_NAME)";
				SDKROOT = macosx;
				SWIFT_COMPILATION_MODE = wholemodule;
				SWIFT_OPTIMIZATION_LEVEL = "-O";
				SWIFT_STRICT_CONCURRENCY = complete;
				SWIFT_VERSION = 6.0;
			};
			name = Release;
		};
		8229CB65560BFE504C6778AF /* Debug */ = {
			isa = XCBuildConfiguration;
			buildSettings = {
				BUNDLE_LOADER = "$(TEST_HOST)";
				COMBINE_HIDPI_IMAGES = YES;
				GENERATE_INFOPLIST_FILE = YES;
				LD_RUNPATH_SEARCH_PATHS = (
					"$(inherited)",
					"@executable_path/../Frameworks",
					"@loader_path/../Frameworks",
				);
				PRODUCT_BUNDLE_IDENTIFIER = com.rankstasparadise.mac.tests;
				SDKROOT = macosx;
				TEST_HOST = "$(BUILT_PRODUCTS_DIR)/Ranksta's Paradise.app/Contents/MacOS/Ranksta's Paradise";
			};
			name = Debug;
		};
		85A1F574AD39F096FAA3ECBB /* Release */ = {
			isa = XCBuildConfiguration;
			buildSettings = {
				BUNDLE_LOADER = "$(TEST_HOST)";
				COMBINE_HIDPI_IMAGES = YES;
				GENERATE_INFOPLIST_FILE = YES;
				LD_RUNPATH_SEARCH_PATHS = (
					"$(inherited)",
					"@executable_path/../Frameworks",
					"@loader_path/../Frameworks",
				);
				PRODUCT_BUNDLE_IDENTIFIER = com.rankstasparadise.mac.tests;
				SDKROOT = macosx;
				TEST_HOST = "$(BUILT_PRODUCTS_DIR)/Ranksta's Paradise.app/Contents/MacOS/Ranksta's Paradise";
			};
			name = Release;
		};
		9037530985BA085B17EEBFB7 /* Release */ = {
			isa = XCBuildConfiguration;
			buildSettings = {
				ASSETCATALOG_COMPILER_APPICON_NAME = AppIcon;
				COMBINE_HIDPI_IMAGES = YES;
				CURRENT_PROJECT_VERSION = 1;
				GENERATE_INFOPLIST_FILE = YES;
				INFOPLIST_KEY_CFBundleDisplayName = "Ranksta's Paradise";
				LD_RUNPATH_SEARCH_PATHS = (
					"$(inherited)",
					"@executable_path/../Frameworks",
				);
				MARKETING_VERSION = 0.1.0;
				PRODUCT_BUNDLE_IDENTIFIER = com.rankstasparadise.mac;
				PRODUCT_MODULE_NAME = RankstasParadise;
				PRODUCT_NAME = "Ranksta's Paradise";
				SDKROOT = macosx;
			};
			name = Release;
		};
		E0D4B7EFCA36C14DE8662C29 /* Debug */ = {
			isa = XCBuildConfiguration;
			buildSettings = {
				ASSETCATALOG_COMPILER_APPICON_NAME = AppIcon;
				COMBINE_HIDPI_IMAGES = YES;
				CURRENT_PROJECT_VERSION = 1;
				GENERATE_INFOPLIST_FILE = YES;
				INFOPLIST_KEY_CFBundleDisplayName = "Ranksta's Paradise";
				LD_RUNPATH_SEARCH_PATHS = (
					"$(inherited)",
					"@executable_path/../Frameworks",
				);
				MARKETING_VERSION = 0.1.0;
				PRODUCT_BUNDLE_IDENTIFIER = com.rankstasparadise.mac;
				PRODUCT_MODULE_NAME = RankstasParadise;
				PRODUCT_NAME = "Ranksta's Paradise";
				SDKROOT = macosx;
			};
			name = Debug;
		};
/* End XCBuildConfiguration section */

/* Begin XCConfigurationList section */
		8F2DC3395978E3BEC2BD32C0 /* Build configuration list for PBXNativeTarget "RankstasParadise" */ = {
			isa = XCConfigurationList;
			buildConfigurations = (
				E0D4B7EFCA36C14DE8662C29 /* Debug */,
				9037530985BA085B17EEBFB7 /* Release */,
			);
			defaultConfigurationIsVisible = 0;
			defaultConfigurationName = Debug;
		};
		AC3128AFEFE326CC37C4B04F /* Build configuration list for PBXProject "RankstasParadise" */ = {
			isa = XCConfigurationList;
			buildConfigurations = (
				55D60374709C91F93ACF915A /* Debug */,
				64C091E5BE8AFB77BEF38C7F /* Release */,
			);
			defaultConfigurationIsVisible = 0;
			defaultConfigurationName = Debug;
		};
		AE33CC214F06AD10737177E5 /* Build configuration list for PBXNativeTarget "RankstasParadiseTests" */ = {
			isa = XCConfigurationList;
			buildConfigurations = (
				8229CB65560BFE504C6778AF /* Debug */,
				85A1F574AD39F096FAA3ECBB /* Release */,
			);
			defaultConfigurationIsVisible = 0;
			defaultConfigurationName = Debug;
		};
/* End XCConfigurationList section */
	};
	rootObject = E465FBE0A2A485B98C47E8B6 /* Project object */;
}
